// !$*UTF8*$!
{
	archiveVersion = 1;
	classes = {
	};
	objectVersion = 46;
	objects = {

/* Begin PBXBuildFile section */
		E61715CE1C9B0CE6000DCD8E /* TaskListTableViewController.swift in Sources */ = {isa = PBXBuildFile; fileRef = E61715CD1C9B0CE6000DCD8E /* TaskListTableViewController.swift */; };
		E61715D01C9B0D28000DCD8E /* TaskDetailViewController.swift in Sources */ = {isa = PBXBuildFile; fileRef = E61715CF1C9B0D28000DCD8E /* TaskDetailViewController.swift */; };
		E61715D21C9B101A000DCD8E /* TaskTableViewCell.swift in Sources */ = {isa = PBXBuildFile; fileRef = E61715D11C9B101A000DCD8E /* TaskTableViewCell.swift */; };
		E61715D81C9B1336000DCD8E /* TaskController.swift in Sources */ = {isa = PBXBuildFile; fileRef = E61715D71C9B1336000DCD8E /* TaskController.swift */; };
		E68CDBF11C9A63BF00A6E9A0 /* AppDelegate.swift in Sources */ = {isa = PBXBuildFile; fileRef = E68CDBF01C9A63BF00A6E9A0 /* AppDelegate.swift */; };
		E68CDBF61C9A63BF00A6E9A0 /* Main.storyboard in Resources */ = {isa = PBXBuildFile; fileRef = E68CDBF41C9A63BF00A6E9A0 /* Main.storyboard */; };
		E68CDBF81C9A63BF00A6E9A0 /* Assets.xcassets in Resources */ = {isa = PBXBuildFile; fileRef = E68CDBF71C9A63BF00A6E9A0 /* Assets.xcassets */; };
		E68CDBFB1C9A63BF00A6E9A0 /* LaunchScreen.storyboard in Resources */ = {isa = PBXBuildFile; fileRef = E68CDBF91C9A63BF00A6E9A0 /* LaunchScreen.storyboard */; };
		E69C00061C9C892400C8496E /* Stack.swift in Sources */ = {isa = PBXBuildFile; fileRef = E69C00051C9C892400C8496E /* Stack.swift */; };
		E69C00191C9CFBCD00C8496E /* Model.xcdatamodeld in Sources */ = {isa = PBXBuildFile; fileRef = E69C00171C9CFBCD00C8496E /* Model.xcdatamodeld */; };
		E69C001C1C9CFCEC00C8496E /* Task+CoreDataProperties.swift in Sources */ = {isa = PBXBuildFile; fileRef = E69C001A1C9CFCEC00C8496E /* Task+CoreDataProperties.swift */; };
		E69C001D1C9CFCEC00C8496E /* Task.swift in Sources */ = {isa = PBXBuildFile; fileRef = E69C001B1C9CFCEC00C8496E /* Task.swift */; };
/* End PBXBuildFile section */

/* Begin PBXFileReference section */
		E61715CD1C9B0CE6000DCD8E /* TaskListTableViewController.swift */ = {isa = PBXFileReference; fileEncoding = 4; lastKnownFileType = sourcecode.swift; path = TaskListTableViewController.swift; sourceTree = "<group>"; };
		E61715CF1C9B0D28000DCD8E /* TaskDetailViewController.swift */ = {isa = PBXFileReference; fileEncoding = 4; lastKnownFileType = sourcecode.swift; path = TaskDetailViewController.swift; sourceTree = "<group>"; };
		E61715D11C9B101A000DCD8E /* TaskTableViewCell.swift */ = {isa = PBXFileReference; fileEncoding = 4; lastKnownFileType = sourcecode.swift; path = TaskTableViewCell.swift; sourceTree = "<group>"; };
		E61715D71C9B1336000DCD8E /* TaskController.swift */ = {isa = PBXFileReference; fileEncoding = 4; lastKnownFileType = sourcecode.swift; path = TaskController.swift; sourceTree = "<group>"; };
		E68CDBED1C9A63BF00A6E9A0 /* TaskIntterim.app */ = {isa = PBXFileReference; explicitFileType = wrapper.application; includeInIndex = 0; path = TaskIntterim.app; sourceTree = BUILT_PRODUCTS_DIR; };
		E68CDBF01C9A63BF00A6E9A0 /* AppDelegate.swift */ = {isa = PBXFileReference; lastKnownFileType = sourcecode.swift; path = AppDelegate.swift; sourceTree = "<group>"; };
		E68CDBF51C9A63BF00A6E9A0 /* Base */ = {isa = PBXFileReference; lastKnownFileType = file.storyboard; name = Base; path = Base.lproj/Main.storyboard; sourceTree = "<group>"; };
		E68CDBF71C9A63BF00A6E9A0 /* Assets.xcassets */ = {isa = PBXFileReference; lastKnownFileType = folder.assetcatalog; path = Assets.xcassets; sourceTree = "<group>"; };
		E68CDBFA1C9A63BF00A6E9A0 /* Base */ = {isa = PBXFileReference; lastKnownFileType = file.storyboard; name = Base; path = Base.lproj/LaunchScreen.storyboard; sourceTree = "<group>"; };
		E68CDBFC1C9A63BF00A6E9A0 /* Info.plist */ = {isa = PBXFileReference; lastKnownFileType = text.plist.xml; path = Info.plist; sourceTree = "<group>"; };
		E69C00051C9C892400C8496E /* Stack.swift */ = {isa = PBXFileReference; fileEncoding = 4; lastKnownFileType = sourcecode.swift; path = Stack.swift; sourceTree = "<group>"; };
		E69C00181C9CFBCD00C8496E /* Model.xcdatamodel */ = {isa = PBXFileReference; lastKnownFileType = wrapper.xcdatamodel; path = Model.xcdatamodel; sourceTree = "<group>"; };
		E69C001A1C9CFCEC00C8496E /* Task+CoreDataProperties.swift */ = {isa = PBXFileReference; fileEncoding = 4; lastKnownFileType = sourcecode.swift; name = "Task+CoreDataProperties.swift"; path = "../Task+CoreDataProperties.swift"; sourceTree = "<group>"; };
		E69C001B1C9CFCEC00C8496E /* Task.swift */ = {isa = PBXFileReference; fileEncoding = 4; lastKnownFileType = sourcecode.swift; name = Task.swift; path = ../Task.swift; sourceTree = "<group>"; };
/* End PBXFileReference section */

/* Begin PBXFrameworksBuildPhase section */
		E68CDBEA1C9A63BF00A6E9A0 /* Frameworks */ = {
			isa = PBXFrameworksBuildPhase;
			buildActionMask = 2147483647;
			files = (
			);
			runOnlyForDeploymentPostprocessing = 0;
		};
/* End PBXFrameworksBuildPhase section */

/* Begin PBXGroup section */
		E61715D31C9B1139000DCD8E /* View Controllers */ = {
			isa = PBXGroup;
			children = (
				E61715CD1C9B0CE6000DCD8E /* TaskListTableViewController.swift */,
				E61715CF1C9B0D28000DCD8E /* TaskDetailViewController.swift */,
				E61715D11C9B101A000DCD8E /* TaskTableViewCell.swift */,
			);
			name = "View Controllers";
			sourceTree = "<group>";
		};
		E61715D61C9B114E000DCD8E /* Model */ = {
			isa = PBXGroup;
			children = (
				E69C00171C9CFBCD00C8496E /* Model.xcdatamodeld */,
				E69C001A1C9CFCEC00C8496E /* Task+CoreDataProperties.swift */,
				E69C001B1C9CFCEC00C8496E /* Task.swift */,
			);
			name = Model;
			sourceTree = "<group>";
		};
		E61715D91C9B133A000DCD8E /* Model Controllers */ = {
			isa = PBXGroup;
			children = (
				E61715D71C9B1336000DCD8E /* TaskController.swift */,
			);
			name = "Model Controllers";
			sourceTree = "<group>";
		};
		E68CDBE41C9A63BF00A6E9A0 = {
			isa = PBXGroup;
			children = (
				E68CDBEF1C9A63BF00A6E9A0 /* TaskIntterim */,
				E68CDBEE1C9A63BF00A6E9A0 /* Products */,
			);
			sourceTree = "<group>";
		};
		E68CDBEE1C9A63BF00A6E9A0 /* Products */ = {
			isa = PBXGroup;
			children = (
				E68CDBED1C9A63BF00A6E9A0 /* TaskIntterim.app */,
			);
			name = Products;
			sourceTree = "<group>";
		};
		E68CDBEF1C9A63BF00A6E9A0 /* TaskIntterim */ = {
			isa = PBXGroup;
			children = (
				E68CDBF71C9A63BF00A6E9A0 /* Assets.xcassets */,
				E68CDBF91C9A63BF00A6E9A0 /* LaunchScreen.storyboard */,
				E68CDBFC1C9A63BF00A6E9A0 /* Info.plist */,
				E68CDBF41C9A63BF00A6E9A0 /* Main.storyboard */,
				E69C00051C9C892400C8496E /* Stack.swift */,
				E68CDBF01C9A63BF00A6E9A0 /* AppDelegate.swift */,
				E61715D31C9B1139000DCD8E /* View Controllers */,
				E61715D91C9B133A000DCD8E /* Model Controllers */,
				E61715D61C9B114E000DCD8E /* Model */,
			);
			path = TaskIntterim;
			sourceTree = "<group>";
		};
/* End PBXGroup section */

/* Begin PBXNativeTarget section */
		E68CDBEC1C9A63BF00A6E9A0 /* TaskIntterim */ = {
			isa = PBXNativeTarget;
			buildConfigurationList = E68CDBFF1C9A63BF00A6E9A0 /* Build configuration list for PBXNativeTarget "TaskIntterim" */;
			buildPhases = (
				E68CDBE91C9A63BF00A6E9A0 /* Sources */,
				E68CDBEA1C9A63BF00A6E9A0 /* Frameworks */,
				E68CDBEB1C9A63BF00A6E9A0 /* Resources */,
			);
			buildRules = (
			);
			dependencies = (
			);
			name = TaskIntterim;
			productName = TaskIntterim;
			productReference = E68CDBED1C9A63BF00A6E9A0 /* TaskIntterim.app */;
			productType = "com.apple.product-type.application";
		};
/* End PBXNativeTarget section */

/* Begin PBXProject section */
		E68CDBE51C9A63BF00A6E9A0 /* Project object */ = {
			isa = PBXProject;
			attributes = {
				LastSwiftUpdateCheck = 0720;
				LastUpgradeCheck = 0720;
				ORGANIZATIONNAME = "Dylan Slade";
				TargetAttributes = {
					E68CDBEC1C9A63BF00A6E9A0 = {
						CreatedOnToolsVersion = 7.2.1;
					};
				};
			};
			buildConfigurationList = E68CDBE81C9A63BF00A6E9A0 /* Build configuration list for PBXProject "TaskIntterim" */;
			compatibilityVersion = "Xcode 3.2";
			developmentRegion = English;
			hasScannedForEncodings = 0;
			knownRegions = (
				en,
				Base,
			);
			mainGroup = E68CDBE41C9A63BF00A6E9A0;
			productRefGroup = E68CDBEE1C9A63BF00A6E9A0 /* Products */;
			projectDirPath = "";
			projectRoot = "";
			targets = (
				E68CDBEC1C9A63BF00A6E9A0 /* TaskIntterim */,
			);
		};
/* End PBXProject section */

/* Begin PBXResourcesBuildPhase section */
		E68CDBEB1C9A63BF00A6E9A0 /* Resources */ = {
			isa = PBXResourcesBuildPhase;
			buildActionMask = 2147483647;
			files = (
				E68CDBFB1C9A63BF00A6E9A0 /* LaunchScreen.storyboard in Resources */,
				E68CDBF81C9A63BF00A6E9A0 /* Assets.xcassets in Resources */,
				E68CDBF61C9A63BF00A6E9A0 /* Main.storyboard in Resources */,
			);
			runOnlyForDeploymentPostprocessing = 0;
		};
/* End PBXResourcesBuildPhase section */

/* Begin PBXSourcesBuildPhase section */
		E68CDBE91C9A63BF00A6E9A0 /* Sources */ = {
			isa = PBXSourcesBuildPhase;
			buildActionMask = 2147483647;
			files = (
				E61715D21C9B101A000DCD8E /* TaskTableViewCell.swift in Sources */,
				E61715D01C9B0D28000DCD8E /* TaskDetailViewController.swift in Sources */,
				E69C00061C9C892400C8496E /* Stack.swift in Sources */,
				E69C00191C9CFBCD00C8496E /* Model.xcdatamodeld in Sources */,
				E61715CE1C9B0CE6000DCD8E /* TaskListTableViewController.swift in Sources */,
				E61715D81C9B1336000DCD8E /* TaskController.swift in Sources */,
				E69C001C1C9CFCEC00C8496E /* Task+CoreDataProperties.swift in Sources */,
				E69C001D1C9CFCEC00C8496E /* Task.swift in Sources */,
				E68CDBF11C9A63BF00A6E9A0 /* AppDelegate.swift in Sources */,
			);
			runOnlyForDeploymentPostprocessing = 0;
		};
/* End PBXSourcesBuildPhase section */

/* Begin PBXVariantGroup section */
		E68CDBF41C9A63BF00A6E9A0 /* Main.storyboard */ = {
			isa = PBXVariantGroup;
			children = (
				E68CDBF51C9A63BF00A6E9A0 /* Base */,
			);
			name = Main.storyboard;
			sourceTree = "<group>";
		};
		E68CDBF91C9A63BF00A6E9A0 /* LaunchScreen.storyboard */ = {
			isa = PBXVariantGroup;
			children = (
				E68CDBFA1C9A63BF00A6E9A0 /* Base */,
			);
			name = LaunchScreen.storyboard;
			sourceTree = "<group>";
		};
/* End PBXVariantGroup section */

/* Begin XCBuildConfiguration section */
		E68CDBFD1C9A63BF00A6E9A0 /* Debug */ = {
			isa = XCBuildConfiguration;
			buildSettings = {
				ALWAYS_SEARCH_USER_PATHS = NO;
				CLANG_CXX_LANGUAGE_STANDARD = "gnu++0x";
				CLANG_CXX_LIBRARY = "libc++";
				CLANG_ENABLE_MODULES = YES;
				CLANG_ENABLE_OBJC_ARC = YES;
				CLANG_WARN_BOOL_CONVERSION = YES;
				CLANG_WARN_CONSTANT_CONVERSION = YES;
				CLANG_WARN_DIRECT_OBJC_ISA_USAGE = YES_ERROR;
				CLANG_WARN_EMPTY_BODY = YES;
				CLANG_WARN_ENUM_CONVERSION = YES;
				CLANG_WARN_INT_CONVERSION = YES;
				CLANG_WARN_OBJC_ROOT_CLASS = YES_ERROR;
				CLANG_WARN_UNREACHABLE_CODE = YES;
				CLANG_WARN__DUPLICATE_METHOD_MATCH = YES;
				"CODE_SIGN_IDENTITY[sdk=iphoneos*]" = "iPhone Developer";
				COPY_PHASE_STRIP = NO;
				DEBUG_INFORMATION_FORMAT = dwarf;
				ENABLE_STRICT_OBJC_MSGSEND = YES;
				ENABLE_TESTABILITY = YES;
				GCC_C_LANGUAGE_STANDARD = gnu99;
				GCC_DYNAMIC_NO_PIC = NO;
				GCC_NO_COMMON_BLOCKS = YES;
				GCC_OPTIMIZATION_LEVEL = 0;
				GCC_PREPROCESSOR_DEFINITIONS = (
					"DEBUG=1",
					"$(inherited)",
				);
				GCC_WARN_64_TO_32_BIT_CONVERSION = YES;
				GCC_WARN_ABOUT_RETURN_TYPE = YES_ERROR;
				GCC_WARN_UNDECLARED_SELECTOR = YES;
				GCC_WARN_UNINITIALIZED_AUTOS = YES_AGGRESSIVE;
				GCC_WARN_UNUSED_FUNCTION = YES;
				GCC_WARN_UNUSED_VARIABLE = YES;
				IPHONEOS_DEPLOYMENT_TARGET = 9.2;
				MTL_ENABLE_DEBUG_INFO = YES;
				ONLY_ACTIVE_ARCH = YES;
				SDKROOT = iphoneos;
				SWIFT_OPTIMIZATION_LEVEL = "-Onone";
				TARGETED_DEVICE_FAMILY = "1,2";
			};
			name = Debug;
		};
		E68CDBFE1C9A63BF00A6E9A0 /* Release */ = {
			isa = XCBuildConfiguration;
			buildSettings = {
				ALWAYS_SEARCH_USER_PATHS = NO;
				CLANG_CXX_LANGUAGE_STANDARD = "gnu++0x";
				CLANG_CXX_LIBRARY = "libc++";
				CLANG_ENABLE_MODULES = YES;
				CLANG_ENABLE_OBJC_ARC = YES;
				CLANG_WARN_BOOL_CONVERSION = YES;
				CLANG_WARN_CONSTANT_CONVERSION = YES;
				CLANG_WARN_DIRECT_OBJC_ISA_USAGE = YES_ERROR;
				CLANG_WARN_EMPTY_BODY = YES;
				CLANG_WARN_ENUM_CONVERSION = YES;
				CLANG_WARN_INT_CONVERSION = YES;
				CLANG_WARN_OBJC_ROOT_CLASS = YES_ERROR;
				CLANG_WARN_UNREACHABLE_CODE = YES;
				CLANG_WARN__DUPLICATE_METHOD_MATCH = YES;
				"CODE_SIGN_IDENTITY[sdk=iphoneos*]" = "iPhone Developer";
				COPY_PHASE_STRIP = NO;
				DEBUG_INFORMATION_FORMAT = "dwarf-with-dsym";
				ENABLE_NS_ASSERTIONS = NO;
				ENABLE_STRICT_OBJC_MSGSEND = YES;
				GCC_C_LANGUAGE_STANDARD = gnu99;
				GCC_NO_COMMON_BLOCKS = YES;
				GCC_WARN_64_TO_32_BIT_CONVERSION = YES;
				GCC_WARN_ABOUT_RETURN_TYPE = YES_ERROR;
				GCC_WARN_UNDECLARED_SELECTOR = YES;
				GCC_WARN_UNINITIALIZED_AUTOS = YES_AGGRESSIVE;
				GCC_WARN_UNUSED_FUNCTION = YES;
				GCC_WARN_UNUSED_VARIABLE = YES;
				IPHONEOS_DEPLOYMENT_TARGET = 9.2;
				MTL_ENABLE_DEBUG_INFO = NO;
				SDKROOT = iphoneos;
				TARGETED_DEVICE_FAMILY = "1,2";
				VALIDATE_PRODUCT = YES;
			};
			name = Release;
		};
		E68CDC001C9A63BF00A6E9A0 /* Debug */ = {
			isa = XCBuildConfiguration;
			buildSettings = {
				ASSETCATALOG_COMPILER_APPICON_NAME = AppIcon;
				INFOPLIST_FILE = TaskIntterim/Info.plist;
				LD_RUNPATH_SEARCH_PATHS = "$(inherited) @executable_path/Frameworks";
				PRODUCT_BUNDLE_IDENTIFIER = com.DevMountain.TaskIntterim;
				PRODUCT_NAME = "$(TARGET_NAME)";
			};
			name = Debug;
		};
		E68CDC011C9A63BF00A6E9A0 /* Release */ = {
			isa = XCBuildConfiguration;
			buildSettings = {
				ASSETCATALOG_COMPILER_APPICON_NAME = AppIcon;
				INFOPLIST_FILE = TaskIntterim/Info.plist;
				LD_RUNPATH_SEARCH_PATHS = "$(inherited) @executable_path/Frameworks";
				PRODUCT_BUNDLE_IDENTIFIER = com.DevMountain.TaskIntterim;
				PRODUCT_NAME = "$(TARGET_NAME)";
			};
			name = Release;
		};
/* End XCBuildConfiguration section */

/* Begin XCConfigurationList section */
		E68CDBE81C9A63BF00A6E9A0 /* Build configuration list for PBXProject "TaskIntterim" */ = {
			isa = XCConfigurationList;
			buildConfigurations = (
				E68CDBFD1C9A63BF00A6E9A0 /* Debug */,
				E68CDBFE1C9A63BF00A6E9A0 /* Release */,
			);
			defaultConfigurationIsVisible = 0;
			defaultConfigurationName = Release;
		};
		E68CDBFF1C9A63BF00A6E9A0 /* Build configuration list for PBXNativeTarget "TaskIntterim" */ = {
			isa = XCConfigurationList;
			buildConfigurations = (
				E68CDC001C9A63BF00A6E9A0 /* Debug */,
				E68CDC011C9A63BF00A6E9A0 /* Release */,
			);
			defaultConfigurationIsVisible = 0;
			defaultConfigurationName = Release;
		};
/* End XCConfigurationList section */

/* Begin XCVersionGroup section */
		E69C00171C9CFBCD00C8496E /* Model.xcdatamodeld */ = {
			isa = XCVersionGroup;
			children = (
				E69C00181C9CFBCD00C8496E /* Model.xcdatamodel */,
			);
			currentVersion = E69C00181C9CFBCD00C8496E /* Model.xcdatamodel */;
			path = Model.xcdatamodeld;
			sourceTree = "<group>";
			versionGroupType = wrapper.xcdatamodel;
		};
/* End XCVersionGroup section */
	};
	rootObject = E68CDBE51C9A63BF00A6E9A0 /* Project object */;
}
